
Microsoft Visual Studio Solution File, Format Version 12.00
# Visual Studio Version 16
VisualStudioVersion = 16.0.31624.102
MinimumVisualStudioVersion = 10.0.40219.1
Project("{FAE04EC0-301F-11D3-BF4B-00C04F79EFBC}") = "StaticKeywordExercise", "StaticKeywordExercise\StaticKeywordExercise.csproj", "{5B548C29-84AE-443B-92CA-5B3F8EEEAFC2}"
EndProject
Global
	GlobalSection(SolutionConfigurationPlatforms) = preSolution
		Debug|Any CPU = Debug|Any CPU
		Release|Any CPU = Release|Any CPU
	EndGlobalSection
	GlobalSection(ProjectConfigurationPlatforms) = postSolution
		{5B548C29-84AE-443B-92CA-5B3F8EEEAFC2}.Debug|Any CPU.ActiveCfg = Debug|Any CPU
		{5B548C29-84AE-443B-92CA-5B3F8EEEAFC2}.Debug|Any CPU.Build.0 = Debug|Any CPU
		{5B548C29-84AE-443B-92CA-5B3F8EEEAFC2}.Release|Any CPU.ActiveCfg = Release|Any CPU
		{5B548C29-84AE-443B-92CA-5B3F8EEEAFC2}.Release|Any CPU.Build.0 = Release|Any CPU
	EndGlobalSection
	GlobalSection(SolutionProperties) = preSolution
		HideSolutionNode = FALSE
	EndGlobalSection
	GlobalSection(ExtensibilityGlobals) = postSolution
		SolutionGuid = {26BBD98E-A566-4756-BEBC-ABFCC12F9AD6}
	EndGlobalSection
EndGlobal
